// !$*UTF8*$!
{
	archiveVersion = 1;
	classes = {
	};
	objectVersion = 50;
	objects = {

/* Begin PBXBuildFile section */
		18BFB63620FFA9E6008DF60F /* AppDelegate.swift in Sources */ = {isa = PBXBuildFile; fileRef = 18BFB63520FFA9E6008DF60F /* AppDelegate.swift */; };
		18BFB63820FFA9E6008DF60F /* ViewController.swift in Sources */ = {isa = PBXBuildFile; fileRef = 18BFB63720FFA9E6008DF60F /* ViewController.swift */; };
		18BFB63B20FFA9E6008DF60F /* Main.storyboard in Resources */ = {isa = PBXBuildFile; fileRef = 18BFB63920FFA9E6008DF60F /* Main.storyboard */; };
		18BFB63D20FFA9E7008DF60F /* Assets.xcassets in Resources */ = {isa = PBXBuildFile; fileRef = 18BFB63C20FFA9E7008DF60F /* Assets.xcassets */; };
		18BFB64020FFA9E7008DF60F /* LaunchScreen.storyboard in Resources */ = {isa = PBXBuildFile; fileRef = 18BFB63E20FFA9E7008DF60F /* LaunchScreen.storyboard */; };
		18BFB64820FFAA1D008DF60F /* yii.jpg in Resources */ = {isa = PBXBuildFile; fileRef = 18BFB64720FFAA1C008DF60F /* yii.jpg */; };
/* End PBXBuildFile section */

/* Begin PBXFileReference section */
		18BFB63220FFA9E6008DF60F /* UIApplication.app */ = {isa = PBXFileReference; explicitFileType = wrapper.application; includeInIndex = 0; path = UIApplication.app; sourceTree = BUILT_PRODUCTS_DIR; };
		18BFB63520FFA9E6008DF60F /* AppDelegate.swift */ = {isa = PBXFileReference; lastKnownFileType = sourcecode.swift; path = AppDelegate.swift; sourceTree = "<group>"; };
		18BFB63720FFA9E6008DF60F /* ViewController.swift */ = {isa = PBXFileReference; lastKnownFileType = sourcecode.swift; path = ViewController.swift; sourceTree = "<group>"; };
		18BFB63A20FFA9E6008DF60F /* Base */ = {isa = PBXFileReference; lastKnownFileType = file.storyboard; name = Base; path = Base.lproj/Main.storyboard; sourceTree = "<group>"; };
		18BFB63C20FFA9E7008DF60F /* Assets.xcassets */ = {isa = PBXFileReference; lastKnownFileType = folder.assetcatalog; path = Assets.xcassets; sourceTree = "<group>"; };
		18BFB63F20FFA9E7008DF60F /* Base */ = {isa = PBXFileReference; lastKnownFileType = file.storyboard; name = Base; path = Base.lproj/LaunchScreen.storyboard; sourceTree = "<group>"; };
		18BFB64120FFA9E7008DF60F /* Info.plist */ = {isa = PBXFileReference; lastKnownFileType = text.plist.xml; path = Info.plist; sourceTree = "<group>"; };
		18BFB64720FFAA1C008DF60F /* yii.jpg */ = {isa = PBXFileReference; lastKnownFileType = image.jpeg; path = yii.jpg; sourceTree = "<group>"; };
/* End PBXFileReference section */

/* Begin PBXFrameworksBuildPhase section */
		18BFB62F20FFA9E6008DF60F /* Frameworks */ = {
			isa = PBXFrameworksBuildPhase;
			buildActionMask = 2147483647;
			files = (
			);
			runOnlyForDeploymentPostprocessing = 0;
		};
/* End PBXFrameworksBuildPhase section */

/* Begin PBXGroup section */
		18BFB62920FFA9E6008DF60F = {
			isa = PBXGroup;
			children = (
				18BFB63420FFA9E6008DF60F /* UIApplication */,
				18BFB63320FFA9E6008DF60F /* Products */,
			);
			sourceTree = "<group>";
		};
		18BFB63320FFA9E6008DF60F /* Products */ = {
			isa = PBXGroup;
			children = (
				18BFB63220FFA9E6008DF60F /* UIApplication.app */,
			);
			name = Products;
			sourceTree = "<group>";
		};
		18BFB63420FFA9E6008DF60F /* UIApplication */ = {
			isa = PBXGroup;
			children = (
				18BFB63520FFA9E6008DF60F /* AppDelegate.swift */,
				18BFB63720FFA9E6008DF60F /* ViewController.swift */,
				18BFB63920FFA9E6008DF60F /* Main.storyboard */,
				18BFB63C20FFA9E7008DF60F /* Assets.xcassets */,
				18BFB64720FFAA1C008DF60F /* yii.jpg */,
				18BFB63E20FFA9E7008DF60F /* LaunchScreen.storyboard */,
				18BFB64120FFA9E7008DF60F /* Info.plist */,
			);
			path = UIApplication;
			sourceTree = "<group>";
		};
/* End PBXGroup section */

/* Begin PBXNativeTarget section */
		18BFB63120FFA9E6008DF60F /* UIApplication */ = {
			isa = PBXNativeTarget;
			buildConfigurationList = 18BFB64420FFA9E7008DF60F /* Build configuration list for PBXNativeTarget "UIApplication" */;
			buildPhases = (
				18BFB62E20FFA9E6008DF60F /* Sources */,
				18BFB62F20FFA9E6008DF60F /* Frameworks */,
				18BFB63020FFA9E6008DF60F /* Resources */,
			);
			buildRules = (
			);
			dependencies = (
			);
			name = UIApplication;
			productName = UIApplication;
			productReference = 18BFB63220FFA9E6008DF60F /* UIApplication.app */;
			productType = "com.apple.product-type.application";
		};
/* End PBXNativeTarget section */

/* Begin PBXProject section */
		18BFB62A20FFA9E6008DF60F /* Project object */ = {
			isa = PBXProject;
			attributes = {
				LastSwiftUpdateCheck = 0930;
				LastUpgradeCheck = 0930;
				ORGANIZATIONNAME = "uni-smart";
				TargetAttributes = {
					18BFB63120FFA9E6008DF60F = {
						CreatedOnToolsVersion = 9.3;
					};
				};
			};
			buildConfigurationList = 18BFB62D20FFA9E6008DF60F /* Build configuration list for PBXProject "UIApplication" */;
			compatibilityVersion = "Xcode 9.3";
			developmentRegion = en;
			hasScannedForEncodings = 0;
			knownRegions = (
				en,
				Base,
			);
			mainGroup = 18BFB62920FFA9E6008DF60F;
			productRefGroup = 18BFB63320FFA9E6008DF60F /* Products */;
			projectDirPath = "";
			projectRoot = "";
			targets = (
				18BFB63120FFA9E6008DF60F /* UIApplication */,
			);
		};
/* End PBXProject section */

/* Begin PBXResourcesBuildPhase section */
		18BFB63020FFA9E6008DF60F /* Resources */ = {
			isa = PBXResourcesBuildPhase;
			buildActionMask = 2147483647;
			files = (
				18BFB64020FFA9E7008DF60F /* LaunchScreen.storyboard in Resources */,
				18BFB64820FFAA1D008DF60F /* yii.jpg in Resources */,
				18BFB63D20FFA9E7008DF60F /* Assets.xcassets in Resources */,
				18BFB63B20FFA9E6008DF60F /* Main.storyboard in Resources */,
			);
			runOnlyForDeploymentPostprocessing = 0;
		};
/* End PBXResourcesBuildPhase section */

/* Begin PBXSourcesBuildPhase section */
		18BFB62E20FFA9E6008DF60F /* Sources */ = {
			isa = PBXSourcesBuildPhase;
			buildActionMask = 2147483647;
			files = (
				18BFB63820FFA9E6008DF60F /* ViewController.swift in Sources */,
				18BFB63620FFA9E6008DF60F /* AppDelegate.swift in Sources */,
			);
			runOnlyForDeploymentPostprocessing = 0;
		};
/* End PBXSourcesBuildPhase section */

/* Begin PBXVariantGroup section */
		18BFB63920FFA9E6008DF60F /* Main.storyboard */ = {
			isa = PBXVariantGroup;
			children = (
				18BFB63A20FFA9E6008DF60F /* Base */,
			);
			name = Main.storyboard;
			sourceTree = "<group>";
		};
		18BFB63E20FFA9E7008DF60F /* LaunchScreen.storyboard */ = {
			isa = PBXVariantGroup;
			children = (
				18BFB63F20FFA9E7008DF60F /* Base */,
			);
			name = LaunchScreen.storyboard;
			sourceTree = "<group>";
		};
/* End PBXVariantGroup section */

/* Begin XCBuildConfiguration section */
		18BFB64220FFA9E7008DF60F /* Debug */ = {
			isa = XCBuildConfiguration;
			buildSettings = {
				ALWAYS_SEARCH_USER_PATHS = NO;
				CLANG_ANALYZER_NONNULL = YES;
				CLANG_ANALYZER_NUMBER_OBJECT_CONVERSION = YES_AGGRESSIVE;
				CLANG_CXX_LANGUAGE_STANDARD = "gnu++14";
				CLANG_CXX_LIBRARY = "libc++";
				CLANG_ENABLE_MODULES = YES;
				CLANG_ENABLE_OBJC_ARC = YES;
				CLANG_ENABLE_OBJC_WEAK = YES;
				CLANG_WARN_BLOCK_CAPTURE_AUTORELEASING = YES;
				CLANG_WARN_BOOL_CONVERSION = YES;
				CLANG_WARN_COMMA = YES;
				CLANG_WARN_CONSTANT_CONVERSION = YES;
				CLANG_WARN_DEPRECATED_OBJC_IMPLEMENTATIONS = YES;
				CLANG_WARN_DIRECT_OBJC_ISA_USAGE = YES_ERROR;
				CLANG_WARN_DOCUMENTATION_COMMENTS = YES;
				CLANG_WARN_EMPTY_BODY = YES;
				CLANG_WARN_ENUM_CONVERSION = YES;
				CLANG_WARN_INFINITE_RECURSION = YES;
				CLANG_WARN_INT_CONVERSION = YES;
				CLANG_WARN_NON_LITERAL_NULL_CONVERSION = YES;
				CLANG_WARN_OBJC_IMPLICIT_RETAIN_SELF = YES;
				CLANG_WARN_OBJC_LITERAL_CONVERSION = YES;
				CLANG_WARN_OBJC_ROOT_CLASS = YES_ERROR;
				CLANG_WARN_RANGE_LOOP_ANALYSIS = YES;
				CLANG_WARN_STRICT_PROTOTYPES = YES;
				CLANG_WARN_SUSPICIOUS_MOVE = YES;
				CLANG_WARN_UNGUARDED_AVAILABILITY = YES_AGGRESSIVE;
				CLANG_WARN_UNREACHABLE_CODE = YES;
				CLANG_WARN__DUPLICATE_METHOD_MATCH = YES;
				CODE_SIGN_IDENTITY = "iPhone Developer";
				COPY_PHASE_STRIP = NO;
				DEBUG_INFORMATION_FORMAT = dwarf;
				ENABLE_STRICT_OBJC_MSGSEND = YES;
				ENABLE_TESTABILITY = YES;
				GCC_C_LANGUAGE_STANDARD = gnu11;
				GCC_DYNAMIC_NO_PIC = NO;
				GCC_NO_COMMON_BLOCKS = YES;
				GCC_OPTIMIZATION_LEVEL = 0;
				GCC_PREPROCESSOR_DEFINITIONS = (
					"DEBUG=1",
					"$(inherited)",
				);
				GCC_WARN_64_TO_32_BIT_CONVERSION = YES;
				GCC_WARN_ABOUT_RETURN_TYPE = YES_ERROR;
				GCC_WARN_UNDECLARED_SELECTOR = YES;
				GCC_WARN_UNINITIALIZED_AUTOS = YES_AGGRESSIVE;
				GCC_WARN_UNUSED_FUNCTION = YES;
				GCC_WARN_UNUSED_VARIABLE = YES;
				IPHONEOS_DEPLOYMENT_TARGET = 11.3;
				MTL_ENABLE_DEBUG_INFO = YES;
				ONLY_ACTIVE_ARCH = YES;
				SDKROOT = iphoneos;
				SWIFT_ACTIVE_COMPILATION_CONDITIONS = DEBUG;
				SWIFT_OPTIMIZATION_LEVEL = "-Onone";
			};
			name = Debug;
		};
		18BFB64320FFA9E7008DF60F /* Release */ = {
			isa = XCBuildConfiguration;
			buildSettings = {
				ALWAYS_SEARCH_USER_PATHS = NO;
				CLANG_ANALYZER_NONNULL = YES;
				CLANG_ANALYZER_NUMBER_OBJECT_CONVERSION = YES_AGGRESSIVE;
				CLANG_CXX_LANGUAGE_STANDARD = "gnu++14";
				CLANG_CXX_LIBRARY = "libc++";
				CLANG_ENABLE_MODULES = YES;
				CLANG_ENABLE_OBJC_ARC = YES;
				CLANG_ENABLE_OBJC_WEAK = YES;
				CLANG_WARN_BLOCK_CAPTURE_AUTORELEASING = YES;
				CLANG_WARN_BOOL_CONVERSION = YES;
				CLANG_WARN_COMMA = YES;
				CLANG_WARN_CONSTANT_CONVERSION = YES;
				CLANG_WARN_DEPRECATED_OBJC_IMPLEMENTATIONS = YES;
				CLANG_WARN_DIRECT_OBJC_ISA_USAGE = YES_ERROR;
				CLANG_WARN_DOCUMENTATION_COMMENTS = YES;
				CLANG_WARN_EMPTY_BODY = YES;
				CLANG_WARN_ENUM_CONVERSION = YES;
				CLANG_WARN_INFINITE_RECURSION = YES;
				CLANG_WARN_INT_CONVERSION = YES;
				CLANG_WARN_NON_LITERAL_NULL_CONVERSION = YES;
				CLANG_WARN_OBJC_IMPLICIT_RETAIN_SELF = YES;
				CLANG_WARN_OBJC_LITERAL_CONVERSION = YES;
				CLANG_WARN_OBJC_ROOT_CLASS = YES_ERROR;
				CLANG_WARN_RANGE_LOOP_ANALYSIS = YES;
				CLANG_WARN_STRICT_PROTOTYPES = YES;
				CLANG_WARN_SUSPICIOUS_MOVE = YES;
				CLANG_WARN_UNGUARDED_AVAILABILITY = YES_AGGRESSIVE;
				CLANG_WARN_UNREACHABLE_CODE = YES;
				CLANG_WARN__DUPLICATE_METHOD_MATCH = YES;
				CODE_SIGN_IDENTITY = "iPhone Developer";
				COPY_PHASE_STRIP = NO;
				DEBUG_INFORMATION_FORMAT = "dwarf-with-dsym";
				ENABLE_NS_ASSERTIONS = NO;
				ENABLE_STRICT_OBJC_MSGSEND = YES;
				GCC_C_LANGUAGE_STANDARD = gnu11;
				GCC_NO_COMMON_BLOCKS = YES;
				GCC_WARN_64_TO_32_BIT_CONVERSION = YES;
				GCC_WARN_ABOUT_RETURN_TYPE = YES_ERROR;
				GCC_WARN_UNDECLARED_SELECTOR = YES;
				GCC_WARN_UNINITIALIZED_AUTOS = YES_AGGRESSIVE;
				GCC_WARN_UNUSED_FUNCTION = YES;
				GCC_WARN_UNUSED_VARIABLE = YES;
				IPHONEOS_DEPLOYMENT_TARGET = 11.3;
				MTL_ENABLE_DEBUG_INFO = NO;
				SDKROOT = iphoneos;
				SWIFT_COMPILATION_MODE = wholemodule;
				SWIFT_OPTIMIZATION_LEVEL = "-O";
				VALIDATE_PRODUCT = YES;
			};
			name = Release;
		};
		18BFB64520FFA9E7008DF60F /* Debug */ = {
			isa = XCBuildConfiguration;
			buildSettings = {
				ASSETCATALOG_COMPILER_APPICON_NAME = AppIcon;
				CODE_SIGN_STYLE = Automatic;
				DEVELOPMENT_TEAM = C9RMZ8MP2G;
				INFOPLIST_FILE = UIApplication/Info.plist;
				IPHONEOS_DEPLOYMENT_TARGET = 10.3;
				LD_RUNPATH_SEARCH_PATHS = (
					"$(inherited)",
					"@executable_path/Frameworks",
				);
				PRODUCT_BUNDLE_IDENTIFIER = "tw.com.uni-smart.Navigate.UIApplication";
				PRODUCT_NAME = "$(TARGET_NAME)";
				SWIFT_VERSION = 4.0;
				TARGETED_DEVICE_FAMILY = "1,2";
			};
			name = Debug;
		};
		18BFB64620FFA9E7008DF60F /* Release */ = {
			isa = XCBuildConfiguration;
			buildSettings = {
				ASSETCATALOG_COMPILER_APPICON_NAME = AppIcon;
				CODE_SIGN_STYLE = Automatic;
				DEVELOPMENT_TEAM = C9RMZ8MP2G;
				INFOPLIST_FILE = UIApplication/Info.plist;
				IPHONEOS_DEPLOYMENT_TARGET = 10.3;
				LD_RUNPATH_SEARCH_PATHS = (
					"$(inherited)",
					"@executable_path/Frameworks",
				);
				PRODUCT_BUNDLE_IDENTIFIER = "tw.com.uni-smart.Navigate.UIApplication";
				PRODUCT_NAME = "$(TARGET_NAME)";
				SWIFT_VERSION = 4.0;
				TARGETED_DEVICE_FAMILY = "1,2";
			};
			name = Release;
		};
/* End XCBuildConfiguration section */

/* Begin XCConfigurationList section */
		18BFB62D20FFA9E6008DF60F /* Build configuration list for PBXProject "UIApplication" */ = {
			isa = XCConfigurationList;
			buildConfigurations = (
				18BFB64220FFA9E7008DF60F /* Debug */,
				18BFB64320FFA9E7008DF60F /* Release */,
			);
			defaultConfigurationIsVisible = 0;
			defaultConfigurationName = Release;
		};
		18BFB64420FFA9E7008DF60F /* Build configuration list for PBXNativeTarget "UIApplication" */ = {
			isa = XCConfigurationList;
			buildConfigurations = (
				18BFB64520FFA9E7008DF60F /* Debug */,
				18BFB64620FFA9E7008DF60F /* Release */,
			);
			defaultConfigurationIsVisible = 0;
			defaultConfigurationName = Release;
		};
/* End XCConfigurationList section */
	};
	rootObject = 18BFB62A20FFA9E6008DF60F /* Project object */;
}
