// !$*UTF8*$!
{
	archiveVersion = 1;
	classes = {
	};
	objectVersion = 50;
	objects = {

/* Begin PBXBuildFile section */
		39590C51234F0C0B00380A5B /* AppDelegate.swift in Sources */ = {isa = PBXBuildFile; fileRef = 39590C50234F0C0B00380A5B /* AppDelegate.swift */; };
		39590C53234F0C0B00380A5B /* SceneDelegate.swift in Sources */ = {isa = PBXBuildFile; fileRef = 39590C52234F0C0B00380A5B /* SceneDelegate.swift */; };
		39590C55234F0C0B00380A5B /* ViewController.swift in Sources */ = {isa = PBXBuildFile; fileRef = 39590C54234F0C0B00380A5B /* ViewController.swift */; };
		39590C58234F0C0B00380A5B /* Main.storyboard in Resources */ = {isa = PBXBuildFile; fileRef = 39590C56234F0C0B00380A5B /* Main.storyboard */; };
		39590C5A234F0C1000380A5B /* Assets.xcassets in Resources */ = {isa = PBXBuildFile; fileRef = 39590C59234F0C1000380A5B /* Assets.xcassets */; };
		39590C5D234F0C1000380A5B /* LaunchScreen.storyboard in Resources */ = {isa = PBXBuildFile; fileRef = 39590C5B234F0C1000380A5B /* LaunchScreen.storyboard */; };
		39590C68234F0C1000380A5B /* TapGestureTests.swift in Sources */ = {isa = PBXBuildFile; fileRef = 39590C67234F0C1000380A5B /* TapGestureTests.swift */; };
		39590C73234F0C1100380A5B /* TapGestureUITests.swift in Sources */ = {isa = PBXBuildFile; fileRef = 39590C72234F0C1100380A5B /* TapGestureUITests.swift */; };
/* End PBXBuildFile section */

/* Begin PBXContainerItemProxy section */
		39590C64234F0C1000380A5B /* PBXContainerItemProxy */ = {
			isa = PBXContainerItemProxy;
			containerPortal = 39590C45234F0C0B00380A5B /* Project object */;
			proxyType = 1;
			remoteGlobalIDString = 39590C4C234F0C0B00380A5B;
			remoteInfo = TapGesture;
		};
		39590C6F234F0C1100380A5B /* PBXContainerItemProxy */ = {
			isa = PBXContainerItemProxy;
			containerPortal = 39590C45234F0C0B00380A5B /* Project object */;
			proxyType = 1;
			remoteGlobalIDString = 39590C4C234F0C0B00380A5B;
			remoteInfo = TapGesture;
		};
/* End PBXContainerItemProxy section */

/* Begin PBXFileReference section */
		39590C4D234F0C0B00380A5B /* TapGesture.app */ = {isa = PBXFileReference; explicitFileType = wrapper.application; includeInIndex = 0; path = TapGesture.app; sourceTree = BUILT_PRODUCTS_DIR; };
		39590C50234F0C0B00380A5B /* AppDelegate.swift */ = {isa = PBXFileReference; lastKnownFileType = sourcecode.swift; path = AppDelegate.swift; sourceTree = "<group>"; };
		39590C52234F0C0B00380A5B /* SceneDelegate.swift */ = {isa = PBXFileReference; lastKnownFileType = sourcecode.swift; path = SceneDelegate.swift; sourceTree = "<group>"; };
		39590C54234F0C0B00380A5B /* ViewController.swift */ = {isa = PBXFileReference; lastKnownFileType = sourcecode.swift; path = ViewController.swift; sourceTree = "<group>"; };
		39590C57234F0C0B00380A5B /* Base */ = {isa = PBXFileReference; lastKnownFileType = file.storyboard; name = Base; path = Base.lproj/Main.storyboard; sourceTree = "<group>"; };
		39590C59234F0C1000380A5B /* Assets.xcassets */ = {isa = PBXFileReference; lastKnownFileType = folder.assetcatalog; path = Assets.xcassets; sourceTree = "<group>"; };
		39590C5C234F0C1000380A5B /* Base */ = {isa = PBXFileReference; lastKnownFileType = file.storyboard; name = Base; path = Base.lproj/LaunchScreen.storyboard; sourceTree = "<group>"; };
		39590C5E234F0C1000380A5B /* Info.plist */ = {isa = PBXFileReference; lastKnownFileType = text.plist.xml; path = Info.plist; sourceTree = "<group>"; };
		39590C63234F0C1000380A5B /* TapGestureTests.xctest */ = {isa = PBXFileReference; explicitFileType = wrapper.cfbundle; includeInIndex = 0; path = TapGestureTests.xctest; sourceTree = BUILT_PRODUCTS_DIR; };
		39590C67234F0C1000380A5B /* TapGestureTests.swift */ = {isa = PBXFileReference; lastKnownFileType = sourcecode.swift; path = TapGestureTests.swift; sourceTree = "<group>"; };
		39590C69234F0C1000380A5B /* Info.plist */ = {isa = PBXFileReference; lastKnownFileType = text.plist.xml; path = Info.plist; sourceTree = "<group>"; };
		39590C6E234F0C1100380A5B /* TapGestureUITests.xctest */ = {isa = PBXFileReference; explicitFileType = wrapper.cfbundle; includeInIndex = 0; path = TapGestureUITests.xctest; sourceTree = BUILT_PRODUCTS_DIR; };
		39590C72234F0C1100380A5B /* TapGestureUITests.swift */ = {isa = PBXFileReference; lastKnownFileType = sourcecode.swift; path = TapGestureUITests.swift; sourceTree = "<group>"; };
		39590C74234F0C1100380A5B /* Info.plist */ = {isa = PBXFileReference; lastKnownFileType = text.plist.xml; path = Info.plist; sourceTree = "<group>"; };
/* End PBXFileReference section */

/* Begin PBXFrameworksBuildPhase section */
		39590C4A234F0C0B00380A5B /* Frameworks */ = {
			isa = PBXFrameworksBuildPhase;
			buildActionMask = 2147483647;
			files = (
			);
			runOnlyForDeploymentPostprocessing = 0;
		};
		39590C60234F0C1000380A5B /* Frameworks */ = {
			isa = PBXFrameworksBuildPhase;
			buildActionMask = 2147483647;
			files = (
			);
			runOnlyForDeploymentPostprocessing = 0;
		};
		39590C6B234F0C1100380A5B /* Frameworks */ = {
			isa = PBXFrameworksBuildPhase;
			buildActionMask = 2147483647;
			files = (
			);
			runOnlyForDeploymentPostprocessing = 0;
		};
/* End PBXFrameworksBuildPhase section */

/* Begin PBXGroup section */
		39590C44234F0C0B00380A5B = {
			isa = PBXGroup;
			children = (
				39590C4F234F0C0B00380A5B /* TapGesture */,
				39590C66234F0C1000380A5B /* TapGestureTests */,
				39590C71234F0C1100380A5B /* TapGestureUITests */,
				39590C4E234F0C0B00380A5B /* Products */,
			);
			sourceTree = "<group>";
		};
		39590C4E234F0C0B00380A5B /* Products */ = {
			isa = PBXGroup;
			children = (
				39590C4D234F0C0B00380A5B /* TapGesture.app */,
				39590C63234F0C1000380A5B /* TapGestureTests.xctest */,
				39590C6E234F0C1100380A5B /* TapGestureUITests.xctest */,
			);
			name = Products;
			sourceTree = "<group>";
		};
		39590C4F234F0C0B00380A5B /* TapGesture */ = {
			isa = PBXGroup;
			children = (
				39590C50234F0C0B00380A5B /* AppDelegate.swift */,
				39590C52234F0C0B00380A5B /* SceneDelegate.swift */,
				39590C54234F0C0B00380A5B /* ViewController.swift */,
				39590C56234F0C0B00380A5B /* Main.storyboard */,
				39590C59234F0C1000380A5B /* Assets.xcassets */,
				39590C5B234F0C1000380A5B /* LaunchScreen.storyboard */,
				39590C5E234F0C1000380A5B /* Info.plist */,
			);
			path = TapGesture;
			sourceTree = "<group>";
		};
		39590C66234F0C1000380A5B /* TapGestureTests */ = {
			isa = PBXGroup;
			children = (
				39590C67234F0C1000380A5B /* TapGestureTests.swift */,
				39590C69234F0C1000380A5B /* Info.plist */,
			);
			path = TapGestureTests;
			sourceTree = "<group>";
		};
		39590C71234F0C1100380A5B /* TapGestureUITests */ = {
			isa = PBXGroup;
			children = (
				39590C72234F0C1100380A5B /* TapGestureUITests.swift */,
				39590C74234F0C1100380A5B /* Info.plist */,
			);
			path = TapGestureUITests;
			sourceTree = "<group>";
		};
/* End PBXGroup section */

/* Begin PBXNativeTarget section */
		39590C4C234F0C0B00380A5B /* TapGesture */ = {
			isa = PBXNativeTarget;
			buildConfigurationList = 39590C77234F0C1100380A5B /* Build configuration list for PBXNativeTarget "TapGesture" */;
			buildPhases = (
				39590C49234F0C0B00380A5B /* Sources */,
				39590C4A234F0C0B00380A5B /* Frameworks */,
				39590C4B234F0C0B00380A5B /* Resources */,
			);
			buildRules = (
			);
			dependencies = (
			);
			name = TapGesture;
			productName = TapGesture;
			productReference = 39590C4D234F0C0B00380A5B /* TapGesture.app */;
			productType = "com.apple.product-type.application";
		};
		39590C62234F0C1000380A5B /* TapGestureTests */ = {
			isa = PBXNativeTarget;
			buildConfigurationList = 39590C7A234F0C1100380A5B /* Build configuration list for PBXNativeTarget "TapGestureTests" */;
			buildPhases = (
				39590C5F234F0C1000380A5B /* Sources */,
				39590C60234F0C1000380A5B /* Frameworks */,
				39590C61234F0C1000380A5B /* Resources */,
			);
			buildRules = (
			);
			dependencies = (
				39590C65234F0C1000380A5B /* PBXTargetDependency */,
			);
			name = TapGestureTests;
			productName = TapGestureTests;
			productReference = 39590C63234F0C1000380A5B /* TapGestureTests.xctest */;
			productType = "com.apple.product-type.bundle.unit-test";
		};
		39590C6D234F0C1100380A5B /* TapGestureUITests */ = {
			isa = PBXNativeTarget;
			buildConfigurationList = 39590C7D234F0C1100380A5B /* Build configuration list for PBXNativeTarget "TapGestureUITests" */;
			buildPhases = (
				39590C6A234F0C1100380A5B /* Sources */,
				39590C6B234F0C1100380A5B /* Frameworks */,
				39590C6C234F0C1100380A5B /* Resources */,
			);
			buildRules = (
			);
			dependencies = (
				39590C70234F0C1100380A5B /* PBXTargetDependency */,
			);
			name = TapGestureUITests;
			productName = TapGestureUITests;
			productReference = 39590C6E234F0C1100380A5B /* TapGestureUITests.xctest */;
			productType = "com.apple.product-type.bundle.ui-testing";
		};
/* End PBXNativeTarget section */

/* Begin PBXProject section */
		39590C45234F0C0B00380A5B /* Project object */ = {
			isa = PBXProject;
			attributes = {
				LastSwiftUpdateCheck = 1100;
				LastUpgradeCheck = 1100;
				ORGANIZATIONNAME = Yii;
				TargetAttributes = {
					39590C4C234F0C0B00380A5B = {
						CreatedOnToolsVersion = 11.0;
					};
					39590C62234F0C1000380A5B = {
						CreatedOnToolsVersion = 11.0;
						TestTargetID = 39590C4C234F0C0B00380A5B;
					};
					39590C6D234F0C1100380A5B = {
						CreatedOnToolsVersion = 11.0;
						TestTargetID = 39590C4C234F0C0B00380A5B;
					};
				};
			};
			buildConfigurationList = 39590C48234F0C0B00380A5B /* Build configuration list for PBXProject "TapGesture" */;
			compatibilityVersion = "Xcode 9.3";
			developmentRegion = en;
			hasScannedForEncodings = 0;
			knownRegions = (
				en,
				Base,
			);
			mainGroup = 39590C44234F0C0B00380A5B;
			productRefGroup = 39590C4E234F0C0B00380A5B /* Products */;
			projectDirPath = "";
			projectRoot = "";
			targets = (
				39590C4C234F0C0B00380A5B /* TapGesture */,
				39590C62234F0C1000380A5B /* TapGestureTests */,
				39590C6D234F0C1100380A5B /* TapGestureUITests */,
			);
		};
/* End PBXProject section */

/* Begin PBXResourcesBuildPhase section */
		39590C4B234F0C0B00380A5B /* Resources */ = {
			isa = PBXResourcesBuildPhase;
			buildActionMask = 2147483647;
			files = (
				39590C5D234F0C1000380A5B /* LaunchScreen.storyboard in Resources */,
				39590C5A234F0C1000380A5B /* Assets.xcassets in Resources */,
				39590C58234F0C0B00380A5B /* Main.storyboard in Resources */,
			);
			runOnlyForDeploymentPostprocessing = 0;
		};
		39590C61234F0C1000380A5B /* Resources */ = {
			isa = PBXResourcesBuildPhase;
			buildActionMask = 2147483647;
			files = (
			);
			runOnlyForDeploymentPostprocessing = 0;
		};
		39590C6C234F0C1100380A5B /* Resources */ = {
			isa = PBXResourcesBuildPhase;
			buildActionMask = 2147483647;
			files = (
			);
			runOnlyForDeploymentPostprocessing = 0;
		};
/* End PBXResourcesBuildPhase section */

/* Begin PBXSourcesBuildPhase section */
		39590C49234F0C0B00380A5B /* Sources */ = {
			isa = PBXSourcesBuildPhase;
			buildActionMask = 2147483647;
			files = (
				39590C55234F0C0B00380A5B /* ViewController.swift in Sources */,
				39590C51234F0C0B00380A5B /* AppDelegate.swift in Sources */,
				39590C53234F0C0B00380A5B /* SceneDelegate.swift in Sources */,
			);
			runOnlyForDeploymentPostprocessing = 0;
		};
		39590C5F234F0C1000380A5B /* Sources */ = {
			isa = PBXSourcesBuildPhase;
			buildActionMask = 2147483647;
			files = (
				39590C68234F0C1000380A5B /* TapGestureTests.swift in Sources */,
			);
			runOnlyForDeploymentPostprocessing = 0;
		};
		39590C6A234F0C1100380A5B /* Sources */ = {
			isa = PBXSourcesBuildPhase;
			buildActionMask = 2147483647;
			files = (
				39590C73234F0C1100380A5B /* TapGestureUITests.swift in Sources */,
			);
			runOnlyForDeploymentPostprocessing = 0;
		};
/* End PBXSourcesBuildPhase section */

/* Begin PBXTargetDependency section */
		39590C65234F0C1000380A5B /* PBXTargetDependency */ = {
			isa = PBXTargetDependency;
			target = 39590C4C234F0C0B00380A5B /* TapGesture */;
			targetProxy = 39590C64234F0C1000380A5B /* PBXContainerItemProxy */;
		};
		39590C70234F0C1100380A5B /* PBXTargetDependency */ = {
			isa = PBXTargetDependency;
			target = 39590C4C234F0C0B00380A5B /* TapGesture */;
			targetProxy = 39590C6F234F0C1100380A5B /* PBXContainerItemProxy */;
		};
/* End PBXTargetDependency section */

/* Begin PBXVariantGroup section */
		39590C56234F0C0B00380A5B /* Main.storyboard */ = {
			isa = PBXVariantGroup;
			children = (
				39590C57234F0C0B00380A5B /* Base */,
			);
			name = Main.storyboard;
			sourceTree = "<group>";
		};
		39590C5B234F0C1000380A5B /* LaunchScreen.storyboard */ = {
			isa = PBXVariantGroup;
			children = (
				39590C5C234F0C1000380A5B /* Base */,
			);
			name = LaunchScreen.storyboard;
			sourceTree = "<group>";
		};
/* End PBXVariantGroup section */

/* Begin XCBuildConfiguration section */
		39590C75234F0C1100380A5B /* Debug */ = {
			isa = XCBuildConfiguration;
			buildSettings = {
				ALWAYS_SEARCH_USER_PATHS = NO;
				CLANG_ANALYZER_NONNULL = YES;
				CLANG_ANALYZER_NUMBER_OBJECT_CONVERSION = YES_AGGRESSIVE;
				CLANG_CXX_LANGUAGE_STANDARD = "gnu++14";
				CLANG_CXX_LIBRARY = "libc++";
				CLANG_ENABLE_MODULES = YES;
				CLANG_ENABLE_OBJC_ARC = YES;
				CLANG_ENABLE_OBJC_WEAK = YES;
				CLANG_WARN_BLOCK_CAPTURE_AUTORELEASING = YES;
				CLANG_WARN_BOOL_CONVERSION = YES;
				CLANG_WARN_COMMA = YES;
				CLANG_WARN_CONSTANT_CONVERSION = YES;
				CLANG_WARN_DEPRECATED_OBJC_IMPLEMENTATIONS = YES;
				CLANG_WARN_DIRECT_OBJC_ISA_USAGE = YES_ERROR;
				CLANG_WARN_DOCUMENTATION_COMMENTS = YES;
				CLANG_WARN_EMPTY_BODY = YES;
				CLANG_WARN_ENUM_CONVERSION = YES;
				CLANG_WARN_INFINITE_RECURSION = YES;
				CLANG_WARN_INT_CONVERSION = YES;
				CLANG_WARN_NON_LITERAL_NULL_CONVERSION = YES;
				CLANG_WARN_OBJC_IMPLICIT_RETAIN_SELF = YES;
				CLANG_WARN_OBJC_LITERAL_CONVERSION = YES;
				CLANG_WARN_OBJC_ROOT_CLASS = YES_ERROR;
				CLANG_WARN_RANGE_LOOP_ANALYSIS = YES;
				CLANG_WARN_STRICT_PROTOTYPES = YES;
				CLANG_WARN_SUSPICIOUS_MOVE = YES;
				CLANG_WARN_UNGUARDED_AVAILABILITY = YES_AGGRESSIVE;
				CLANG_WARN_UNREACHABLE_CODE = YES;
				CLANG_WARN__DUPLICATE_METHOD_MATCH = YES;
				COPY_PHASE_STRIP = NO;
				DEBUG_INFORMATION_FORMAT = dwarf;
				ENABLE_STRICT_OBJC_MSGSEND = YES;
				ENABLE_TESTABILITY = YES;
				GCC_C_LANGUAGE_STANDARD = gnu11;
				GCC_DYNAMIC_NO_PIC = NO;
				GCC_NO_COMMON_BLOCKS = YES;
				GCC_OPTIMIZATION_LEVEL = 0;
				GCC_PREPROCESSOR_DEFINITIONS = (
					"DEBUG=1",
					"$(inherited)",
				);
				GCC_WARN_64_TO_32_BIT_CONVERSION = YES;
				GCC_WARN_ABOUT_RETURN_TYPE = YES_ERROR;
				GCC_WARN_UNDECLARED_SELECTOR = YES;
				GCC_WARN_UNINITIALIZED_AUTOS = YES_AGGRESSIVE;
				GCC_WARN_UNUSED_FUNCTION = YES;
				GCC_WARN_UNUSED_VARIABLE = YES;
				IPHONEOS_DEPLOYMENT_TARGET = 13.0;
				MTL_ENABLE_DEBUG_INFO = INCLUDE_SOURCE;
				MTL_FAST_MATH = YES;
				ONLY_ACTIVE_ARCH = YES;
				SDKROOT = iphoneos;
				SWIFT_ACTIVE_COMPILATION_CONDITIONS = DEBUG;
				SWIFT_OPTIMIZATION_LEVEL = "-Onone";
			};
			name = Debug;
		};
		39590C76234F0C1100380A5B /* Release */ = {
			isa = XCBuildConfiguration;
			buildSettings = {
				ALWAYS_SEARCH_USER_PATHS = NO;
				CLANG_ANALYZER_NONNULL = YES;
				CLANG_ANALYZER_NUMBER_OBJECT_CONVERSION = YES_AGGRESSIVE;
				CLANG_CXX_LANGUAGE_STANDARD = "gnu++14";
				CLANG_CXX_LIBRARY = "libc++";
				CLANG_ENABLE_MODULES = YES;
				CLANG_ENABLE_OBJC_ARC = YES;
				CLANG_ENABLE_OBJC_WEAK = YES;
				CLANG_WARN_BLOCK_CAPTURE_AUTORELEASING = YES;
				CLANG_WARN_BOOL_CONVERSION = YES;
				CLANG_WARN_COMMA = YES;
				CLANG_WARN_CONSTANT_CONVERSION = YES;
				CLANG_WARN_DEPRECATED_OBJC_IMPLEMENTATIONS = YES;
				CLANG_WARN_DIRECT_OBJC_ISA_USAGE = YES_ERROR;
				CLANG_WARN_DOCUMENTATION_COMMENTS = YES;
				CLANG_WARN_EMPTY_BODY = YES;
				CLANG_WARN_ENUM_CONVERSION = YES;
				CLANG_WARN_INFINITE_RECURSION = YES;
				CLANG_WARN_INT_CONVERSION = YES;
				CLANG_WARN_NON_LITERAL_NULL_CONVERSION = YES;
				CLANG_WARN_OBJC_IMPLICIT_RETAIN_SELF = YES;
				CLANG_WARN_OBJC_LITERAL_CONVERSION = YES;
				CLANG_WARN_OBJC_ROOT_CLASS = YES_ERROR;
				CLANG_WARN_RANGE_LOOP_ANALYSIS = YES;
				CLANG_WARN_STRICT_PROTOTYPES = YES;
				CLANG_WARN_SUSPICIOUS_MOVE = YES;
				CLANG_WARN_UNGUARDED_AVAILABILITY = YES_AGGRESSIVE;
				CLANG_WARN_UNREACHABLE_CODE = YES;
				CLANG_WARN__DUPLICATE_METHOD_MATCH = YES;
				COPY_PHASE_STRIP = NO;
				DEBUG_INFORMATION_FORMAT = "dwarf-with-dsym";
				ENABLE_NS_ASSERTIONS = NO;
				ENABLE_STRICT_OBJC_MSGSEND = YES;
				GCC_C_LANGUAGE_STANDARD = gnu11;
				GCC_NO_COMMON_BLOCKS = YES;
				GCC_WARN_64_TO_32_BIT_CONVERSION = YES;
				GCC_WARN_ABOUT_RETURN_TYPE = YES_ERROR;
				GCC_WARN_UNDECLARED_SELECTOR = YES;
				GCC_WARN_UNINITIALIZED_AUTOS = YES_AGGRESSIVE;
				GCC_WARN_UNUSED_FUNCTION = YES;
				GCC_WARN_UNUSED_VARIABLE = YES;
				IPHONEOS_DEPLOYMENT_TARGET = 13.0;
				MTL_ENABLE_DEBUG_INFO = NO;
				MTL_FAST_MATH = YES;
				SDKROOT = iphoneos;
				SWIFT_COMPILATION_MODE = wholemodule;
				SWIFT_OPTIMIZATION_LEVEL = "-O";
				VALIDATE_PRODUCT = YES;
			};
			name = Release;
		};
		39590C78234F0C1100380A5B /* Debug */ = {
			isa = XCBuildConfiguration;
			buildSettings = {
				ASSETCATALOG_COMPILER_APPICON_NAME = AppIcon;
				CODE_SIGN_STYLE = Automatic;
				DEVELOPMENT_TEAM = U6A8MGQQ66;
				INFOPLIST_FILE = TapGesture/Info.plist;
				LD_RUNPATH_SEARCH_PATHS = (
					"$(inherited)",
					"@executable_path/Frameworks",
				);
				PRODUCT_BUNDLE_IDENTIFIER = tw.com.chyiiiiiiiiiiii.TapGesture;
				PRODUCT_NAME = "$(TARGET_NAME)";
				SWIFT_VERSION = 5.0;
				TARGETED_DEVICE_FAMILY = "1,2";
			};
			name = Debug;
		};
		39590C79234F0C1100380A5B /* Release */ = {
			isa = XCBuildConfiguration;
			buildSettings = {
				ASSETCATALOG_COMPILER_APPICON_NAME = AppIcon;
				CODE_SIGN_STYLE = Automatic;
				DEVELOPMENT_TEAM = U6A8MGQQ66;
				INFOPLIST_FILE = TapGesture/Info.plist;
				LD_RUNPATH_SEARCH_PATHS = (
					"$(inherited)",
					"@executable_path/Frameworks",
				);
				PRODUCT_BUNDLE_IDENTIFIER = tw.com.chyiiiiiiiiiiii.TapGesture;
				PRODUCT_NAME = "$(TARGET_NAME)";
				SWIFT_VERSION = 5.0;
				TARGETED_DEVICE_FAMILY = "1,2";
			};
			name = Release;
		};
		39590C7B234F0C1100380A5B /* Debug */ = {
			isa = XCBuildConfiguration;
			buildSettings = {
				ALWAYS_EMBED_SWIFT_STANDARD_LIBRARIES = YES;
				BUNDLE_LOADER = "$(TEST_HOST)";
				CODE_SIGN_STYLE = Automatic;
				DEVELOPMENT_TEAM = U6A8MGQQ66;
				INFOPLIST_FILE = TapGestureTests/Info.plist;
				IPHONEOS_DEPLOYMENT_TARGET = 13.0;
				LD_RUNPATH_SEARCH_PATHS = (
					"$(inherited)",
					"@executable_path/Frameworks",
					"@loader_path/Frameworks",
				);
				PRODUCT_BUNDLE_IDENTIFIER = tw.com.chyiiiiiiiiiiii.TapGestureTests;
				PRODUCT_NAME = "$(TARGET_NAME)";
				SWIFT_VERSION = 5.0;
				TARGETED_DEVICE_FAMILY = "1,2";
				TEST_HOST = "$(BUILT_PRODUCTS_DIR)/TapGesture.app/TapGesture";
			};
			name = Debug;
		};
		39590C7C234F0C1100380A5B /* Release */ = {
			isa = XCBuildConfiguration;
			buildSettings = {
				ALWAYS_EMBED_SWIFT_STANDARD_LIBRARIES = YES;
				BUNDLE_LOADER = "$(TEST_HOST)";
				CODE_SIGN_STYLE = Automatic;
				DEVELOPMENT_TEAM = U6A8MGQQ66;
				INFOPLIST_FILE = TapGestureTests/Info.plist;
				IPHONEOS_DEPLOYMENT_TARGET = 13.0;
				LD_RUNPATH_SEARCH_PATHS = (
					"$(inherited)",
					"@executable_path/Frameworks",
					"@loader_path/Frameworks",
				);
				PRODUCT_BUNDLE_IDENTIFIER = tw.com.chyiiiiiiiiiiii.TapGestureTests;
				PRODUCT_NAME = "$(TARGET_NAME)";
				SWIFT_VERSION = 5.0;
				TARGETED_DEVICE_FAMILY = "1,2";
				TEST_HOST = "$(BUILT_PRODUCTS_DIR)/TapGesture.app/TapGesture";
			};
			name = Release;
		};
		39590C7E234F0C1100380A5B /* Debug */ = {
			isa = XCBuildConfiguration;
			buildSettings = {
				ALWAYS_EMBED_SWIFT_STANDARD_LIBRARIES = YES;
				CODE_SIGN_STYLE = Automatic;
				DEVELOPMENT_TEAM = U6A8MGQQ66;
				INFOPLIST_FILE = TapGestureUITests/Info.plist;
				LD_RUNPATH_SEARCH_PATHS = (
					"$(inherited)",
					"@executable_path/Frameworks",
					"@loader_path/Frameworks",
				);
				PRODUCT_BUNDLE_IDENTIFIER = tw.com.chyiiiiiiiiiiii.TapGestureUITests;
				PRODUCT_NAME = "$(TARGET_NAME)";
				SWIFT_VERSION = 5.0;
				TARGETED_DEVICE_FAMILY = "1,2";
				TEST_TARGET_NAME = TapGesture;
			};
			name = Debug;
		};
		39590C7F234F0C1100380A5B /* Release */ = {
			isa = XCBuildConfiguration;
			buildSettings = {
				ALWAYS_EMBED_SWIFT_STANDARD_LIBRARIES = YES;
				CODE_SIGN_STYLE = Automatic;
				DEVELOPMENT_TEAM = U6A8MGQQ66;
				INFOPLIST_FILE = TapGestureUITests/Info.plist;
				LD_RUNPATH_SEARCH_PATHS = (
					"$(inherited)",
					"@executable_path/Frameworks",
					"@loader_path/Frameworks",
				);
				PRODUCT_BUNDLE_IDENTIFIER = tw.com.chyiiiiiiiiiiii.TapGestureUITests;
				PRODUCT_NAME = "$(TARGET_NAME)";
				SWIFT_VERSION = 5.0;
				TARGETED_DEVICE_FAMILY = "1,2";
				TEST_TARGET_NAME = TapGesture;
			};
			name = Release;
		};
/* End XCBuildConfiguration section */

/* Begin XCConfigurationList section */
		39590C48234F0C0B00380A5B /* Build configuration list for PBXProject "TapGesture" */ = {
			isa = XCConfigurationList;
			buildConfigurations = (
				39590C75234F0C1100380A5B /* Debug */,
				39590C76234F0C1100380A5B /* Release */,
			);
			defaultConfigurationIsVisible = 0;
			defaultConfigurationName = Release;
		};
		39590C77234F0C1100380A5B /* Build configuration list for PBXNativeTarget "TapGesture" */ = {
			isa = XCConfigurationList;
			buildConfigurations = (
				39590C78234F0C1100380A5B /* Debug */,
				39590C79234F0C1100380A5B /* Release */,
			);
			defaultConfigurationIsVisible = 0;
			defaultConfigurationName = Release;
		};
		39590C7A234F0C1100380A5B /* Build configuration list for PBXNativeTarget "TapGestureTests" */ = {
			isa = XCConfigurationList;
			buildConfigurations = (
				39590C7B234F0C1100380A5B /* Debug */,
				39590C7C234F0C1100380A5B /* Release */,
			);
			defaultConfigurationIsVisible = 0;
			defaultConfigurationName = Release;
		};
		39590C7D234F0C1100380A5B /* Build configuration list for PBXNativeTarget "TapGestureUITests" */ = {
			isa = XCConfigurationList;
			buildConfigurations = (
				39590C7E234F0C1100380A5B /* Debug */,
				39590C7F234F0C1100380A5B /* Release */,
			);
			defaultConfigurationIsVisible = 0;
			defaultConfigurationName = Release;
		};
/* End XCConfigurationList section */
	};
	rootObject = 39590C45234F0C0B00380A5B /* Project object */;
}
